
Microsoft Visual Studio Solution File, Format Version 12.00
# Visual Studio Version 16
VisualStudioVersion = 16.0.30804.86
MinimumVisualStudioVersion = 10.0.40219.1
Project("{FAE04EC0-301F-11D3-BF4B-00C04F79EFBC}") = "WindowsFormsApp2", "WindowsFormsApp2.csproj", "{FC28547E-54FD-4352-B4D8-7009AEA77AE4}"
EndProject
Global
	GlobalSection(SolutionConfigurationPlatforms) = preSolution
		Debug|Any CPU = Debug|Any CPU
		Release|Any CPU = Release|Any CPU
	EndGlobalSection
	GlobalSection(ProjectConfigurationPlatforms) = postSolution
		{FC28547E-54FD-4352-B4D8-7009AEA77AE4}.Debug|Any CPU.ActiveCfg = Debug|Any CPU
		{FC28547E-54FD-4352-B4D8-7009AEA77AE4}.Debug|Any CPU.Build.0 = Debug|Any CPU
		{FC28547E-54FD-4352-B4D8-7009AEA77AE4}.Release|Any CPU.ActiveCfg = Release|Any CPU
		{FC28547E-54FD-4352-B4D8-7009AEA77AE4}.Release|Any CPU.Build.0 = Release|Any CPU
	EndGlobalSection
	GlobalSection(SolutionProperties) = preSolution
		HideSolutionNode = FALSE
	EndGlobalSection
	GlobalSection(ExtensibilityGlobals) = postSolution
		SolutionGuid = {65739123-4EF1-4397-B72B-0C230B974FBF}
	EndGlobalSection
EndGlobal
